
Microsoft Visual Studio Solution File, Format Version 12.00
# Visual Studio Version 17
VisualStudioVersion = 17.0.31912.275
MinimumVisualStudioVersion = 10.0.40219.1
Project("{FAE04EC0-301F-11D3-BF4B-00C04F79EFBC}") = "task one", "task one\task one.csproj", "{32F1D45B-7F67-4CBE-ABAF-D03C3D53A150}"
EndProject
Global
	GlobalSection(SolutionConfigurationPlatforms) = preSolution
		Debug|Any CPU = Debug|Any CPU
		Release|Any CPU = Release|Any CPU
	EndGlobalSection
	GlobalSection(ProjectConfigurationPlatforms) = postSolution
		{32F1D45B-7F67-4CBE-ABAF-D03C3D53A150}.Debug|Any CPU.ActiveCfg = Debug|Any CPU
		{32F1D45B-7F67-4CBE-ABAF-D03C3D53A150}.Debug|Any CPU.Build.0 = Debug|Any CPU
		{32F1D45B-7F67-4CBE-ABAF-D03C3D53A150}.Release|Any CPU.ActiveCfg = Release|Any CPU
		{32F1D45B-7F67-4CBE-ABAF-D03C3D53A150}.Release|Any CPU.Build.0 = Release|Any CPU
	EndGlobalSection
	GlobalSection(SolutionProperties) = preSolution
		HideSolutionNode = FALSE
	EndGlobalSection
	GlobalSection(ExtensibilityGlobals) = postSolution
		SolutionGuid = {F2D3E280-8C43-44D6-AE58-BBFB132D7EB0}
	EndGlobalSection
EndGlobal
